# This file is automatically @generated by Cargo.
# It is not intended for manual editing.
[[package]]
name = "riscv-decode"
version = "0.2.1"
source = "registry+https://github.com/rust-lang/crates.io-index"
checksum = "bec7a6dc0b0bb96a4d23271864a45c0d24dcd9dde2a1b630a35f79fa29c588bf"

[[package]]
name = "riscv_insn_decode"
version = "0.1.0"
dependencies = [
 "riscv-decode",
]
